
Microsoft Visual Studio Solution File, Format Version 12.00
# Visual Studio Version 17
VisualStudioVersion = 17.0.31903.59
MinimumVisualStudioVersion = 10.0.40219.1
Project("{FAE04EC0-301F-11D3-BF4B-00C04F79EFBC}") = "ArtImageTaggerConsole", "ArtImageTaggerConsole\ArtImageTaggerConsole.csproj", "{6B9D745B-FF9B-4988-83B1-D36B6844A730}"
EndProject
Project("{FAE04EC0-301F-11D3-BF4B-00C04F79EFBC}") = "GoogleTakoutJSONParser", "GoogleTakoutJSONParser\GoogleTakoutJSONParser.csproj", "{392FF724-0BA7-4B25-9C61-ECD5C615091E}"
EndProject
Project("{FAE04EC0-301F-11D3-BF4B-00C04F79EFBC}") = "GoogleTakoutJSONParserTest", "GoogleTakoutJSONParserTest\GoogleTakoutJSONParserTest.csproj", "{4EDAC6D5-13CC-42AA-9B22-88E47EC47E13}"
EndProject
Global
	GlobalSection(SolutionConfigurationPlatforms) = preSolution
		Debug|Any CPU = Debug|Any CPU
		Release|Any CPU = Release|Any CPU
	EndGlobalSection
	GlobalSection(SolutionProperties) = preSolution
		HideSolutionNode = FALSE
	EndGlobalSection
	GlobalSection(ProjectConfigurationPlatforms) = postSolution
		{6B9D745B-FF9B-4988-83B1-D36B6844A730}.Debug|Any CPU.ActiveCfg = Debug|Any CPU
		{6B9D745B-FF9B-4988-83B1-D36B6844A730}.Debug|Any CPU.Build.0 = Debug|Any CPU
		{6B9D745B-FF9B-4988-83B1-D36B6844A730}.Release|Any CPU.ActiveCfg = Release|Any CPU
		{6B9D745B-FF9B-4988-83B1-D36B6844A730}.Release|Any CPU.Build.0 = Release|Any CPU
		{392FF724-0BA7-4B25-9C61-ECD5C615091E}.Debug|Any CPU.ActiveCfg = Debug|Any CPU
		{392FF724-0BA7-4B25-9C61-ECD5C615091E}.Debug|Any CPU.Build.0 = Debug|Any CPU
		{392FF724-0BA7-4B25-9C61-ECD5C615091E}.Release|Any CPU.ActiveCfg = Release|Any CPU
		{392FF724-0BA7-4B25-9C61-ECD5C615091E}.Release|Any CPU.Build.0 = Release|Any CPU
		{4EDAC6D5-13CC-42AA-9B22-88E47EC47E13}.Debug|Any CPU.ActiveCfg = Debug|Any CPU
		{4EDAC6D5-13CC-42AA-9B22-88E47EC47E13}.Debug|Any CPU.Build.0 = Debug|Any CPU
		{4EDAC6D5-13CC-42AA-9B22-88E47EC47E13}.Release|Any CPU.ActiveCfg = Release|Any CPU
		{4EDAC6D5-13CC-42AA-9B22-88E47EC47E13}.Release|Any CPU.Build.0 = Release|Any CPU
	EndGlobalSection
EndGlobal
